// !$*UTF8*$!
{
	archiveVersion = 1;
	classes = {
	};
	objectVersion = 46;
	objects = {

/* Begin PBXBuildFile section */
		343D9D4E137DFE450017380A /* SparkleSoftware@2x.png in Resources */ = {isa = PBXBuildFile; fileRef = 343D9D4D137DFE450017380A /* SparkleSoftware@2x.png */; };
		343D9D5A137E004F0017380A /* Launch.m in Sources */ = {isa = PBXBuildFile; fileRef = 343D9D58137E004F0017380A /* Launch.m */; };
		343D9D5B137E004F0017380A /* Launch.xib in Resources */ = {isa = PBXBuildFile; fileRef = 343D9D59137E004F0017380A /* Launch.xib */; };
		343D9D5E137E9A640017380A /* HighScoresControllerTest.m in Sources */ = {isa = PBXBuildFile; fileRef = 343D9D5D137E9A640017380A /* HighScoresControllerTest.m */; };
		343D9D65137EC8B30017380A /* Icon-72.png in Resources */ = {isa = PBXBuildFile; fileRef = 343D9D5F137EC8B30017380A /* Icon-72.png */; };
		343D9D66137EC8B30017380A /* Icon-Small-50.png in Resources */ = {isa = PBXBuildFile; fileRef = 343D9D60137EC8B30017380A /* Icon-Small-50.png */; };
		343D9D67137EC8B30017380A /* Icon-Small.png in Resources */ = {isa = PBXBuildFile; fileRef = 343D9D61137EC8B30017380A /* Icon-Small.png */; };
		343D9D68137EC8B30017380A /* Icon-Small@2x.png in Resources */ = {isa = PBXBuildFile; fileRef = 343D9D62137EC8B30017380A /* Icon-Small@2x.png */; };
		343D9D69137EC8B30017380A /* Icon.png in Resources */ = {isa = PBXBuildFile; fileRef = 343D9D63137EC8B30017380A /* Icon.png */; };
		343D9D6A137EC8B30017380A /* Icon@2x.png in Resources */ = {isa = PBXBuildFile; fileRef = 343D9D64137EC8B30017380A /* Icon@2x.png */; };
		343D9D6D137ECA6F0017380A /* Title.png in Resources */ = {isa = PBXBuildFile; fileRef = 343D9D6B137ECA6F0017380A /* Title.png */; };
		343D9D6E137ECA6F0017380A /* Title@2x.png in Resources */ = {isa = PBXBuildFile; fileRef = 343D9D6C137ECA6F0017380A /* Title@2x.png */; };
		343D9DA0137ECB900017380A /* iTunesArtwork.png in Resources */ = {isa = PBXBuildFile; fileRef = 343D9D9F137ECB900017380A /* iTunesArtwork.png */; };
		343D9DA4137ECC190017380A /* FullBackground.png in Resources */ = {isa = PBXBuildFile; fileRef = 343D9DA1137ECC190017380A /* FullBackground.png */; };
		343D9DA5137ECC190017380A /* PlayGameBackground.png in Resources */ = {isa = PBXBuildFile; fileRef = 343D9DA2137ECC190017380A /* PlayGameBackground.png */; };
		343D9DA6137ECC190017380A /* SparkleSoftware.png in Resources */ = {isa = PBXBuildFile; fileRef = 343D9DA3137ECC190017380A /* SparkleSoftware.png */; };
		3488ABD9135D164F00BDD9E2 /* QuartzCore.framework in Frameworks */ = {isa = PBXBuildFile; fileRef = 3488ABD8135D164F00BDD9E2 /* QuartzCore.framework */; };
		349BBECF13634F4A00E2B497 /* Default@2x.png in Resources */ = {isa = PBXBuildFile; fileRef = 349BBECE13634F4A00E2B497 /* Default@2x.png */; };
		349BBED1136353A900E2B497 /* PlayGameBackground@2x.png in Resources */ = {isa = PBXBuildFile; fileRef = 349BBED0136353A900E2B497 /* PlayGameBackground@2x.png */; };
		34B1766B1385ED9E002B5925 /* UIButton+Gradient.m in Sources */ = {isa = PBXBuildFile; fileRef = 34B1766A1385ED9E002B5925 /* UIButton+Gradient.m */; };
		34CD2644136794130039237B /* FullBackground@2x.png in Resources */ = {isa = PBXBuildFile; fileRef = 34CD2643136794130039237B /* FullBackground@2x.png */; };
		71122132135E146A0067C7DB /* ASIAuthenticationDialog.m in Sources */ = {isa = PBXBuildFile; fileRef = 71122119135E146A0067C7DB /* ASIAuthenticationDialog.m */; };
		71122133135E146A0067C7DB /* ASIDataCompressor.m in Sources */ = {isa = PBXBuildFile; fileRef = 7112211C135E146A0067C7DB /* ASIDataCompressor.m */; };
		71122134135E146A0067C7DB /* ASIDataDecompressor.m in Sources */ = {isa = PBXBuildFile; fileRef = 7112211E135E146A0067C7DB /* ASIDataDecompressor.m */; };
		71122135135E146A0067C7DB /* ASIDownloadCache.m in Sources */ = {isa = PBXBuildFile; fileRef = 71122120135E146A0067C7DB /* ASIDownloadCache.m */; };
		71122136135E146A0067C7DB /* ASIFormDataRequest.m in Sources */ = {isa = PBXBuildFile; fileRef = 71122122135E146A0067C7DB /* ASIFormDataRequest.m */; };
		71122137135E146A0067C7DB /* ASIHTTPRequest.m in Sources */ = {isa = PBXBuildFile; fileRef = 71122124135E146A0067C7DB /* ASIHTTPRequest.m */; };
		71122138135E146A0067C7DB /* ASIInputStream.m in Sources */ = {isa = PBXBuildFile; fileRef = 71122128135E146A0067C7DB /* ASIInputStream.m */; };
		71122139135E146A0067C7DB /* ASINetworkQueue.m in Sources */ = {isa = PBXBuildFile; fileRef = 7112212A135E146A0067C7DB /* ASINetworkQueue.m */; };
		7112213A135E146A0067C7DB /* Reachability.m in Sources */ = {isa = PBXBuildFile; fileRef = 7112212F135E146A0067C7DB /* Reachability.m */; };
		7112215C135E14910067C7DB /* Facebook.m in Sources */ = {isa = PBXBuildFile; fileRef = 71122141135E14910067C7DB /* Facebook.m */; };
		7112215D135E14910067C7DB /* FBDialog.bundle in Resources */ = {isa = PBXBuildFile; fileRef = 71122144135E14910067C7DB /* FBDialog.bundle */; };
		7112215E135E14910067C7DB /* FBDialog.m in Sources */ = {isa = PBXBuildFile; fileRef = 71122146135E14910067C7DB /* FBDialog.m */; };
		7112215F135E14910067C7DB /* FBLoginDialog.m in Sources */ = {isa = PBXBuildFile; fileRef = 71122148135E14910067C7DB /* FBLoginDialog.m */; };
		71122160135E14910067C7DB /* FBRequest.m in Sources */ = {isa = PBXBuildFile; fileRef = 7112214A135E14910067C7DB /* FBRequest.m */; };
		71122161135E14910067C7DB /* NSObject+SBJSON.m in Sources */ = {isa = PBXBuildFile; fileRef = 7112214E135E14910067C7DB /* NSObject+SBJSON.m */; };
		71122162135E14910067C7DB /* NSString+SBJSON.m in Sources */ = {isa = PBXBuildFile; fileRef = 71122150135E14910067C7DB /* NSString+SBJSON.m */; };
		71122163135E14910067C7DB /* SBJSON.m in Sources */ = {isa = PBXBuildFile; fileRef = 71122152135E14910067C7DB /* SBJSON.m */; };
		71122164135E14910067C7DB /* SBJsonBase.m in Sources */ = {isa = PBXBuildFile; fileRef = 71122154135E14910067C7DB /* SBJsonBase.m */; };
		71122165135E14910067C7DB /* SBJsonParser.m in Sources */ = {isa = PBXBuildFile; fileRef = 71122156135E14910067C7DB /* SBJsonParser.m */; };
		71122166135E14910067C7DB /* SBJsonWriter.m in Sources */ = {isa = PBXBuildFile; fileRef = 71122158135E14910067C7DB /* SBJsonWriter.m */; };
		7112216B135E15AF0067C7DB /* CFNetwork.framework in Frameworks */ = {isa = PBXBuildFile; fileRef = 7112216A135E15AF0067C7DB /* CFNetwork.framework */; };
		7112216D135E15BD0067C7DB /* SystemConfiguration.framework in Frameworks */ = {isa = PBXBuildFile; fileRef = 7112216C135E15BD0067C7DB /* SystemConfiguration.framework */; };
		7112216F135E15C70067C7DB /* MobileCoreServices.framework in Frameworks */ = {isa = PBXBuildFile; fileRef = 7112216E135E15C70067C7DB /* MobileCoreServices.framework */; };
		71122172135E15D40067C7DB /* libz.1.2.3.dylib in Frameworks */ = {isa = PBXBuildFile; fileRef = 71122171135E15D40067C7DB /* libz.1.2.3.dylib */; };
		71184923137C91BB007EA87E /* MBProgressHUD.m in Sources */ = {isa = PBXBuildFile; fileRef = 71184922137C91BB007EA87E /* MBProgressHUD.m */; };
		711F835113672A14000CD08C /* TSAlertView.m in Sources */ = {isa = PBXBuildFile; fileRef = 711F834A13672A14000CD08C /* TSAlertView.m */; };
		711F835213672A14000CD08C /* TSAlertViewBackground.png in Resources */ = {isa = PBXBuildFile; fileRef = 711F834B13672A14000CD08C /* TSAlertViewBackground.png */; };
		711F835313672A14000CD08C /* TSAlertViewBackground2.png in Resources */ = {isa = PBXBuildFile; fileRef = 711F834C13672A14000CD08C /* TSAlertViewBackground2.png */; };
		711F835413672A14000CD08C /* TSAlertViewButtonBackground_Highlighted.png in Resources */ = {isa = PBXBuildFile; fileRef = 711F834D13672A14000CD08C /* TSAlertViewButtonBackground_Highlighted.png */; };
		711F835513672A14000CD08C /* TSAlertViewButtonBackground.png in Resources */ = {isa = PBXBuildFile; fileRef = 711F834E13672A14000CD08C /* TSAlertViewButtonBackground.png */; };
		711F835613672A14000CD08C /* TSAlertViewCancelButtonBackground.png in Resources */ = {isa = PBXBuildFile; fileRef = 711F834F13672A14000CD08C /* TSAlertViewCancelButtonBackground.png */; };
		711F835713672A14000CD08C /* TSAlertViewMessageListViewShadow.png in Resources */ = {isa = PBXBuildFile; fileRef = 711F835013672A14000CD08C /* TSAlertViewMessageListViewShadow.png */; };
		711F835A13674DDF000CD08C /* WordURL.m in Sources */ = {isa = PBXBuildFile; fileRef = 711F835913674DDF000CD08C /* WordURL.m */; };
		713BDC87137340BC00A4F5AC /* PostScoreTextFieldDelegate.m in Sources */ = {isa = PBXBuildFile; fileRef = 713BDC86137340BC00A4F5AC /* PostScoreTextFieldDelegate.m */; };
		71B3B6BB1357ADE6002EDD42 /* UIKit.framework in Frameworks */ = {isa = PBXBuildFile; fileRef = 71B3B6BA1357ADE6002EDD42 /* UIKit.framework */; };
		71B3B6BD1357ADE6002EDD42 /* Foundation.framework in Frameworks */ = {isa = PBXBuildFile; fileRef = 71B3B6BC1357ADE6002EDD42 /* Foundation.framework */; };
		71B3B6BF1357ADE6002EDD42 /* CoreGraphics.framework in Frameworks */ = {isa = PBXBuildFile; fileRef = 71B3B6BE1357ADE6002EDD42 /* CoreGraphics.framework */; };
		71B3B6C51357ADE6002EDD42 /* InfoPlist.strings in Resources */ = {isa = PBXBuildFile; fileRef = 71B3B6C31357ADE6002EDD42 /* InfoPlist.strings */; };
		71B3B6C81357ADE6002EDD42 /* main.m in Sources */ = {isa = PBXBuildFile; fileRef = 71B3B6C71357ADE6002EDD42 /* main.m */; };
		71B3B6CB1357ADE6002EDD42 /* wordsleuthAppDelegate.m in Sources */ = {isa = PBXBuildFile; fileRef = 71B3B6CA1357ADE6002EDD42 /* wordsleuthAppDelegate.m */; };
		71B3B6CE1357ADE6002EDD42 /* MainWindow.xib in Resources */ = {isa = PBXBuildFile; fileRef = 71B3B6CC1357ADE6002EDD42 /* MainWindow.xib */; };
		71B3B6D11357ADE6002EDD42 /* PlayGameController.m in Sources */ = {isa = PBXBuildFile; fileRef = 71B3B6D01357ADE6002EDD42 /* PlayGameController.m */; };
		71B3B6D41357ADE6002EDD42 /* HighScoresController.m in Sources */ = {isa = PBXBuildFile; fileRef = 71B3B6D31357ADE6002EDD42 /* HighScoresController.m */; };
		71B3B6D71357ADE6002EDD42 /* PlayGame.xib in Resources */ = {isa = PBXBuildFile; fileRef = 71B3B6D51357ADE6002EDD42 /* PlayGame.xib */; };
		71B3B6DA1357ADE6002EDD42 /* HighScores.xib in Resources */ = {isa = PBXBuildFile; fileRef = 71B3B6D81357ADE6002EDD42 /* HighScores.xib */; };
		71B3B6E11357ADE6002EDD42 /* UIKit.framework in Frameworks */ = {isa = PBXBuildFile; fileRef = 71B3B6BA1357ADE6002EDD42 /* UIKit.framework */; };
		71B3B6E21357ADE6002EDD42 /* Foundation.framework in Frameworks */ = {isa = PBXBuildFile; fileRef = 71B3B6BC1357ADE6002EDD42 /* Foundation.framework */; };
		71B3B6E31357ADE6002EDD42 /* CoreGraphics.framework in Frameworks */ = {isa = PBXBuildFile; fileRef = 71B3B6BE1357ADE6002EDD42 /* CoreGraphics.framework */; };
		71B3B6EB1357ADE6002EDD42 /* InfoPlist.strings in Resources */ = {isa = PBXBuildFile; fileRef = 71B3B6E91357ADE6002EDD42 /* InfoPlist.strings */; };
		71B3B6EE1357ADE6002EDD42 /* wordsleuthTests.h in Resources */ = {isa = PBXBuildFile; fileRef = 71B3B6ED1357ADE6002EDD42 /* wordsleuthTests.h */; };
		71B3B6F01357ADE6002EDD42 /* wordsleuthTests.m in Sources */ = {isa = PBXBuildFile; fileRef = 71B3B6EF1357ADE6002EDD42 /* wordsleuthTests.m */; };
		71B3B6FA1357B0E5002EDD42 /* Default.png in Resources */ = {isa = PBXBuildFile; fileRef = 71B3B6F91357B0E5002EDD42 /* Default.png */; };
		71BA2BE4139D71FC00B6482E /* iRate.m in Sources */ = {isa = PBXBuildFile; fileRef = 71BA2BE3139D71FC00B6482E /* iRate.m */; };
		71BA2BE7139D75A000B6482E /* RatingDelegate.m in Sources */ = {isa = PBXBuildFile; fileRef = 71BA2BE6139D75A000B6482E /* RatingDelegate.m */; };
		71BA2BEF139E790F00B6482E /* facebook.png in Resources */ = {isa = PBXBuildFile; fileRef = 71BA2BEE139E790F00B6482E /* facebook.png */; };
		71BA2BF3139E80A200B6482E /* BragFacebook.m in Sources */ = {isa = PBXBuildFile; fileRef = 71BA2BF2139E80A200B6482E /* BragFacebook.m */; };
		71BB57F0138D2EF500DF35F1 /* DebugGestureView.m in Sources */ = {isa = PBXBuildFile; fileRef = 71BB57EF138D2EF500DF35F1 /* DebugGestureView.m */; };
/* End PBXBuildFile section */

/* Begin PBXContainerItemProxy section */
		71122168135E14910067C7DB /* PBXContainerItemProxy */ = {
			isa = PBXContainerItemProxy;
			containerPortal = 7112213D135E14910067C7DB /* facebook-ios-sdk.xcodeproj */;
			proxyType = 2;
			remoteGlobalIDString = D2AAC07E0554694100DB518D;
			remoteInfo = "facebook-ios-sdk";
		};
		71B3B6E41357ADE6002EDD42 /* PBXContainerItemProxy */ = {
			isa = PBXContainerItemProxy;
			containerPortal = 71B3B6AD1357ADE6002EDD42 /* Project object */;
			proxyType = 1;
			remoteGlobalIDString = 71B3B6B51357ADE6002EDD42;
			remoteInfo = wordsleuth;
		};
/* End PBXContainerItemProxy section */

/* Begin PBXFileReference section */
		343D9D4D137DFE450017380A /* SparkleSoftware@2x.png */ = {isa = PBXFileReference; lastKnownFileType = image.png; path = "SparkleSoftware@2x.png"; sourceTree = "<group>"; };
		343D9D57137E004F0017380A /* Launch.h */ = {isa = PBXFileReference; fileEncoding = 4; lastKnownFileType = sourcecode.c.h; path = Launch.h; sourceTree = "<group>"; };
		343D9D58137E004F0017380A /* Launch.m */ = {isa = PBXFileReference; fileEncoding = 4; lastKnownFileType = sourcecode.c.objc; path = Launch.m; sourceTree = "<group>"; };
		343D9D59137E004F0017380A /* Launch.xib */ = {isa = PBXFileReference; fileEncoding = 4; lastKnownFileType = file.xib; path = Launch.xib; sourceTree = "<group>"; };
		343D9D5C137E9A640017380A /* HighScoresControllerTest.h */ = {isa = PBXFileReference; fileEncoding = 4; lastKnownFileType = sourcecode.c.h; path = HighScoresControllerTest.h; sourceTree = "<group>"; };
		343D9D5D137E9A640017380A /* HighScoresControllerTest.m */ = {isa = PBXFileReference; fileEncoding = 4; lastKnownFileType = sourcecode.c.objc; path = HighScoresControllerTest.m; sourceTree = "<group>"; };
		343D9D5F137EC8B30017380A /* Icon-72.png */ = {isa = PBXFileReference; lastKnownFileType = image.png; path = "Icon-72.png"; sourceTree = SOURCE_ROOT; };
		343D9D60137EC8B30017380A /* Icon-Small-50.png */ = {isa = PBXFileReference; lastKnownFileType = image.png; path = "Icon-Small-50.png"; sourceTree = SOURCE_ROOT; };
		343D9D61137EC8B30017380A /* Icon-Small.png */ = {isa = PBXFileReference; lastKnownFileType = image.png; path = "Icon-Small.png"; sourceTree = SOURCE_ROOT; };
		343D9D62137EC8B30017380A /* Icon-Small@2x.png */ = {isa = PBXFileReference; lastKnownFileType = image.png; path = "Icon-Small@2x.png"; sourceTree = SOURCE_ROOT; };
		343D9D63137EC8B30017380A /* Icon.png */ = {isa = PBXFileReference; lastKnownFileType = image.png; path = Icon.png; sourceTree = SOURCE_ROOT; };
		343D9D64137EC8B30017380A /* Icon@2x.png */ = {isa = PBXFileReference; lastKnownFileType = image.png; path = "Icon@2x.png"; sourceTree = SOURCE_ROOT; };
		343D9D6B137ECA6F0017380A /* Title.png */ = {isa = PBXFileReference; lastKnownFileType = image.png; path = Title.png; sourceTree = "<group>"; };
		343D9D6C137ECA6F0017380A /* Title@2x.png */ = {isa = PBXFileReference; lastKnownFileType = image.png; path = "Title@2x.png"; sourceTree = "<group>"; };
		343D9D9F137ECB900017380A /* iTunesArtwork.png */ = {isa = PBXFileReference; lastKnownFileType = image.png; path = iTunesArtwork.png; sourceTree = SOURCE_ROOT; };
		343D9DA1137ECC190017380A /* FullBackground.png */ = {isa = PBXFileReference; lastKnownFileType = image.png; path = FullBackground.png; sourceTree = "<group>"; };
		343D9DA2137ECC190017380A /* PlayGameBackground.png */ = {isa = PBXFileReference; lastKnownFileType = image.png; path = PlayGameBackground.png; sourceTree = "<group>"; };
		343D9DA3137ECC190017380A /* SparkleSoftware.png */ = {isa = PBXFileReference; lastKnownFileType = image.png; path = SparkleSoftware.png; sourceTree = "<group>"; };
		3488ABD8135D164F00BDD9E2 /* QuartzCore.framework */ = {isa = PBXFileReference; lastKnownFileType = wrapper.framework; name = QuartzCore.framework; path = System/Library/Frameworks/QuartzCore.framework; sourceTree = SDKROOT; };
		349BBECE13634F4A00E2B497 /* Default@2x.png */ = {isa = PBXFileReference; lastKnownFileType = image.png; name = "Default@2x.png"; path = "../Default@2x.png"; sourceTree = "<group>"; };
		349BBED0136353A900E2B497 /* PlayGameBackground@2x.png */ = {isa = PBXFileReference; lastKnownFileType = image.png; path = "PlayGameBackground@2x.png"; sourceTree = "<group>"; };
		34B176691385ED9E002B5925 /* UIButton+Gradient.h */ = {isa = PBXFileReference; fileEncoding = 4; lastKnownFileType = sourcecode.c.h; path = "UIButton+Gradient.h"; sourceTree = "<group>"; };
		34B1766A1385ED9E002B5925 /* UIButton+Gradient.m */ = {isa = PBXFileReference; fileEncoding = 4; lastKnownFileType = sourcecode.c.objc; path = "UIButton+Gradient.m"; sourceTree = "<group>"; };
		34CD2643136794130039237B /* FullBackground@2x.png */ = {isa = PBXFileReference; lastKnownFileType = image.png; path = "FullBackground@2x.png"; sourceTree = "<group>"; };
		71122118135E146A0067C7DB /* ASIAuthenticationDialog.h */ = {isa = PBXFileReference; fileEncoding = 4; lastKnownFileType = sourcecode.c.h; path = ASIAuthenticationDialog.h; sourceTree = "<group>"; };
		71122119135E146A0067C7DB /* ASIAuthenticationDialog.m */ = {isa = PBXFileReference; fileEncoding = 4; lastKnownFileType = sourcecode.c.objc; path = ASIAuthenticationDialog.m; sourceTree = "<group>"; };
		7112211A135E146A0067C7DB /* ASICacheDelegate.h */ = {isa = PBXFileReference; fileEncoding = 4; lastKnownFileType = sourcecode.c.h; path = ASICacheDelegate.h; sourceTree = "<group>"; };
		7112211B135E146A0067C7DB /* ASIDataCompressor.h */ = {isa = PBXFileReference; fileEncoding = 4; lastKnownFileType = sourcecode.c.h; path = ASIDataCompressor.h; sourceTree = "<group>"; };
		7112211C135E146A0067C7DB /* ASIDataCompressor.m */ = {isa = PBXFileReference; fileEncoding = 4; lastKnownFileType = sourcecode.c.objc; path = ASIDataCompressor.m; sourceTree = "<group>"; };
		7112211D135E146A0067C7DB /* ASIDataDecompressor.h */ = {isa = PBXFileReference; fileEncoding = 4; lastKnownFileType = sourcecode.c.h; path = ASIDataDecompressor.h; sourceTree = "<group>"; };
		7112211E135E146A0067C7DB /* ASIDataDecompressor.m */ = {isa = PBXFileReference; fileEncoding = 4; lastKnownFileType = sourcecode.c.objc; path = ASIDataDecompressor.m; sourceTree = "<group>"; };
		7112211F135E146A0067C7DB /* ASIDownloadCache.h */ = {isa = PBXFileReference; fileEncoding = 4; lastKnownFileType = sourcecode.c.h; path = ASIDownloadCache.h; sourceTree = "<group>"; };
		71122120135E146A0067C7DB /* ASIDownloadCache.m */ = {isa = PBXFileReference; fileEncoding = 4; lastKnownFileType = sourcecode.c.objc; path = ASIDownloadCache.m; sourceTree = "<group>"; };
		71122121135E146A0067C7DB /* ASIFormDataRequest.h */ = {isa = PBXFileReference; fileEncoding = 4; lastKnownFileType = sourcecode.c.h; path = ASIFormDataRequest.h; sourceTree = "<group>"; };
		71122122135E146A0067C7DB /* ASIFormDataRequest.m */ = {isa = PBXFileReference; fileEncoding = 4; lastKnownFileType = sourcecode.c.objc; path = ASIFormDataRequest.m; sourceTree = "<group>"; };
		71122123135E146A0067C7DB /* ASIHTTPRequest.h */ = {isa = PBXFileReference; fileEncoding = 4; lastKnownFileType = sourcecode.c.h; path = ASIHTTPRequest.h; sourceTree = "<group>"; };
		71122124135E146A0067C7DB /* ASIHTTPRequest.m */ = {isa = PBXFileReference; fileEncoding = 4; lastKnownFileType = sourcecode.c.objc; path = ASIHTTPRequest.m; sourceTree = "<group>"; };
		71122125135E146A0067C7DB /* ASIHTTPRequestConfig.h */ = {isa = PBXFileReference; fileEncoding = 4; lastKnownFileType = sourcecode.c.h; path = ASIHTTPRequestConfig.h; sourceTree = "<group>"; };
		71122126135E146A0067C7DB /* ASIHTTPRequestDelegate.h */ = {isa = PBXFileReference; fileEncoding = 4; lastKnownFileType = sourcecode.c.h; path = ASIHTTPRequestDelegate.h; sourceTree = "<group>"; };
		71122127135E146A0067C7DB /* ASIInputStream.h */ = {isa = PBXFileReference; fileEncoding = 4; lastKnownFileType = sourcecode.c.h; path = ASIInputStream.h; sourceTree = "<group>"; };
		71122128135E146A0067C7DB /* ASIInputStream.m */ = {isa = PBXFileReference; fileEncoding = 4; lastKnownFileType = sourcecode.c.objc; path = ASIInputStream.m; sourceTree = "<group>"; };
		71122129135E146A0067C7DB /* ASINetworkQueue.h */ = {isa = PBXFileReference; fileEncoding = 4; lastKnownFileType = sourcecode.c.h; path = ASINetworkQueue.h; sourceTree = "<group>"; };
		7112212A135E146A0067C7DB /* ASINetworkQueue.m */ = {isa = PBXFileReference; fileEncoding = 4; lastKnownFileType = sourcecode.c.objc; path = ASINetworkQueue.m; sourceTree = "<group>"; };
		7112212B135E146A0067C7DB /* ASIProgressDelegate.h */ = {isa = PBXFileReference; fileEncoding = 4; lastKnownFileType = sourcecode.c.h; path = ASIProgressDelegate.h; sourceTree = "<group>"; };
		7112212E135E146A0067C7DB /* Reachability.h */ = {isa = PBXFileReference; fileEncoding = 4; lastKnownFileType = sourcecode.c.h; path = Reachability.h; sourceTree = "<group>"; };
		7112212F135E146A0067C7DB /* Reachability.m */ = {isa = PBXFileReference; fileEncoding = 4; lastKnownFileType = sourcecode.c.objc; path = Reachability.m; sourceTree = "<group>"; };
		7112213D135E14910067C7DB /* facebook-ios-sdk.xcodeproj */ = {isa = PBXFileReference; lastKnownFileType = "wrapper.pb-project"; path = "facebook-ios-sdk.xcodeproj"; sourceTree = "<group>"; };
		71122140135E14910067C7DB /* Facebook.h */ = {isa = PBXFileReference; fileEncoding = 4; lastKnownFileType = sourcecode.c.h; path = Facebook.h; sourceTree = "<group>"; };
		71122141135E14910067C7DB /* Facebook.m */ = {isa = PBXFileReference; fileEncoding = 4; lastKnownFileType = sourcecode.c.objc; path = Facebook.m; sourceTree = "<group>"; };
		71122142135E14910067C7DB /* facebook_ios_sdk_Prefix.pch */ = {isa = PBXFileReference; fileEncoding = 4; lastKnownFileType = sourcecode.c.h; path = facebook_ios_sdk_Prefix.pch; sourceTree = "<group>"; };
		71122143135E14910067C7DB /* FBConnect.h */ = {isa = PBXFileReference; fileEncoding = 4; lastKnownFileType = sourcecode.c.h; path = FBConnect.h; sourceTree = "<group>"; };
		71122144135E14910067C7DB /* FBDialog.bundle */ = {isa = PBXFileReference; lastKnownFileType = "wrapper.plug-in"; path = FBDialog.bundle; sourceTree = "<group>"; };
		71122145135E14910067C7DB /* FBDialog.h */ = {isa = PBXFileReference; fileEncoding = 4; lastKnownFileType = sourcecode.c.h; path = FBDialog.h; sourceTree = "<group>"; };
		71122146135E14910067C7DB /* FBDialog.m */ = {isa = PBXFileReference; fileEncoding = 4; lastKnownFileType = sourcecode.c.objc; path = FBDialog.m; sourceTree = "<group>"; };
		71122147135E14910067C7DB /* FBLoginDialog.h */ = {isa = PBXFileReference; fileEncoding = 4; lastKnownFileType = sourcecode.c.h; path = FBLoginDialog.h; sourceTree = "<group>"; };
		71122148135E14910067C7DB /* FBLoginDialog.m */ = {isa = PBXFileReference; fileEncoding = 4; lastKnownFileType = sourcecode.c.objc; path = FBLoginDialog.m; sourceTree = "<group>"; };
		71122149135E14910067C7DB /* FBRequest.h */ = {isa = PBXFileReference; fileEncoding = 4; lastKnownFileType = sourcecode.c.h; path = FBRequest.h; sourceTree = "<group>"; };
		7112214A135E14910067C7DB /* FBRequest.m */ = {isa = PBXFileReference; fileEncoding = 4; lastKnownFileType = sourcecode.c.objc; path = FBRequest.m; sourceTree = "<group>"; };
		7112214C135E14910067C7DB /* JSON.h */ = {isa = PBXFileReference; fileEncoding = 4; lastKnownFileType = sourcecode.c.h; path = JSON.h; sourceTree = "<group>"; };
		7112214D135E14910067C7DB /* NSObject+SBJSON.h */ = {isa = PBXFileReference; fileEncoding = 4; lastKnownFileType = sourcecode.c.h; path = "NSObject+SBJSON.h"; sourceTree = "<group>"; };
		7112214E135E14910067C7DB /* NSObject+SBJSON.m */ = {isa = PBXFileReference; fileEncoding = 4; lastKnownFileType = sourcecode.c.objc; path = "NSObject+SBJSON.m"; sourceTree = "<group>"; };
		7112214F135E14910067C7DB /* NSString+SBJSON.h */ = {isa = PBXFileReference; fileEncoding = 4; lastKnownFileType = sourcecode.c.h; path = "NSString+SBJSON.h"; sourceTree = "<group>"; };
		71122150135E14910067C7DB /* NSString+SBJSON.m */ = {isa = PBXFileReference; fileEncoding = 4; lastKnownFileType = sourcecode.c.objc; path = "NSString+SBJSON.m"; sourceTree = "<group>"; };
		71122151135E14910067C7DB /* SBJSON.h */ = {isa = PBXFileReference; fileEncoding = 4; lastKnownFileType = sourcecode.c.h; path = SBJSON.h; sourceTree = "<group>"; };
		71122152135E14910067C7DB /* SBJSON.m */ = {isa = PBXFileReference; fileEncoding = 4; lastKnownFileType = sourcecode.c.objc; path = SBJSON.m; sourceTree = "<group>"; };
		71122153135E14910067C7DB /* SBJsonBase.h */ = {isa = PBXFileReference; fileEncoding = 4; lastKnownFileType = sourcecode.c.h; path = SBJsonBase.h; sourceTree = "<group>"; };
		71122154135E14910067C7DB /* SBJsonBase.m */ = {isa = PBXFileReference; fileEncoding = 4; lastKnownFileType = sourcecode.c.objc; path = SBJsonBase.m; sourceTree = "<group>"; };
		71122155135E14910067C7DB /* SBJsonParser.h */ = {isa = PBXFileReference; fileEncoding = 4; lastKnownFileType = sourcecode.c.h; path = SBJsonParser.h; sourceTree = "<group>"; };
		71122156135E14910067C7DB /* SBJsonParser.m */ = {isa = PBXFileReference; fileEncoding = 4; lastKnownFileType = sourcecode.c.objc; path = SBJsonParser.m; sourceTree = "<group>"; };
		71122157135E14910067C7DB /* SBJsonWriter.h */ = {isa = PBXFileReference; fileEncoding = 4; lastKnownFileType = sourcecode.c.h; path = SBJsonWriter.h; sourceTree = "<group>"; };
		71122158135E14910067C7DB /* SBJsonWriter.m */ = {isa = PBXFileReference; fileEncoding = 4; lastKnownFileType = sourcecode.c.objc; path = SBJsonWriter.m; sourceTree = "<group>"; };
		7112216A135E15AF0067C7DB /* CFNetwork.framework */ = {isa = PBXFileReference; lastKnownFileType = wrapper.framework; name = CFNetwork.framework; path = System/Library/Frameworks/CFNetwork.framework; sourceTree = SDKROOT; };
		7112216C135E15BD0067C7DB /* SystemConfiguration.framework */ = {isa = PBXFileReference; lastKnownFileType = wrapper.framework; name = SystemConfiguration.framework; path = System/Library/Frameworks/SystemConfiguration.framework; sourceTree = SDKROOT; };
		7112216E135E15C70067C7DB /* MobileCoreServices.framework */ = {isa = PBXFileReference; lastKnownFileType = wrapper.framework; name = MobileCoreServices.framework; path = System/Library/Frameworks/MobileCoreServices.framework; sourceTree = SDKROOT; };
		71122170135E15D00067C7DB /* CoreGraphics.framework */ = {isa = PBXFileReference; lastKnownFileType = wrapper.framework; name = CoreGraphics.framework; path = System/Library/Frameworks/CoreGraphics.framework; sourceTree = SDKROOT; };
		71122171135E15D40067C7DB /* libz.1.2.3.dylib */ = {isa = PBXFileReference; lastKnownFileType = "compiled.mach-o.dylib"; name = libz.1.2.3.dylib; path = usr/lib/libz.1.2.3.dylib; sourceTree = SDKROOT; };
		71184921137C91BB007EA87E /* MBProgressHUD.h */ = {isa = PBXFileReference; fileEncoding = 4; lastKnownFileType = sourcecode.c.h; path = MBProgressHUD.h; sourceTree = "<group>"; };
		71184922137C91BB007EA87E /* MBProgressHUD.m */ = {isa = PBXFileReference; fileEncoding = 4; lastKnownFileType = sourcecode.c.objc; path = MBProgressHUD.m; sourceTree = "<group>"; };
		711F834913672A14000CD08C /* TSAlertView.h */ = {isa = PBXFileReference; fileEncoding = 4; lastKnownFileType = sourcecode.c.h; name = TSAlertView.h; path = TSAlertView/TSAlertView.h; sourceTree = "<group>"; };
		711F834A13672A14000CD08C /* TSAlertView.m */ = {isa = PBXFileReference; fileEncoding = 4; lastKnownFileType = sourcecode.c.objc; name = TSAlertView.m; path = TSAlertView/TSAlertView.m; sourceTree = "<group>"; };
		711F834B13672A14000CD08C /* TSAlertViewBackground.png */ = {isa = PBXFileReference; lastKnownFileType = image.png; name = TSAlertViewBackground.png; path = TSAlertView/TSAlertViewBackground.png; sourceTree = "<group>"; };
		711F834C13672A14000CD08C /* TSAlertViewBackground2.png */ = {isa = PBXFileReference; lastKnownFileType = image.png; name = TSAlertViewBackground2.png; path = TSAlertView/TSAlertViewBackground2.png; sourceTree = "<group>"; };
		711F834D13672A14000CD08C /* TSAlertViewButtonBackground_Highlighted.png */ = {isa = PBXFileReference; lastKnownFileType = image.png; name = TSAlertViewButtonBackground_Highlighted.png; path = TSAlertView/TSAlertViewButtonBackground_Highlighted.png; sourceTree = "<group>"; };
		711F834E13672A14000CD08C /* TSAlertViewButtonBackground.png */ = {isa = PBXFileReference; lastKnownFileType = image.png; name = TSAlertViewButtonBackground.png; path = TSAlertView/TSAlertViewButtonBackground.png; sourceTree = "<group>"; };
		711F834F13672A14000CD08C /* TSAlertViewCancelButtonBackground.png */ = {isa = PBXFileReference; lastKnownFileType = image.png; name = TSAlertViewCancelButtonBackground.png; path = TSAlertView/TSAlertViewCancelButtonBackground.png; sourceTree = "<group>"; };
		711F835013672A14000CD08C /* TSAlertViewMessageListViewShadow.png */ = {isa = PBXFileReference; lastKnownFileType = image.png; name = TSAlertViewMessageListViewShadow.png; path = TSAlertView/TSAlertViewMessageListViewShadow.png; sourceTree = "<group>"; };
		711F835813674DDF000CD08C /* WordURL.h */ = {isa = PBXFileReference; fileEncoding = 4; lastKnownFileType = sourcecode.c.h; name = WordURL.h; path = ../WordURL.h; sourceTree = "<group>"; };
		711F835913674DDF000CD08C /* WordURL.m */ = {isa = PBXFileReference; fileEncoding = 4; lastKnownFileType = sourcecode.c.objc; name = WordURL.m; path = ../WordURL.m; sourceTree = "<group>"; };
		713BDC85137340BC00A4F5AC /* PostScoreTextFieldDelegate.h */ = {isa = PBXFileReference; fileEncoding = 4; lastKnownFileType = sourcecode.c.h; path = PostScoreTextFieldDelegate.h; sourceTree = "<group>"; };
		713BDC86137340BC00A4F5AC /* PostScoreTextFieldDelegate.m */ = {isa = PBXFileReference; fileEncoding = 4; lastKnownFileType = sourcecode.c.objc; path = PostScoreTextFieldDelegate.m; sourceTree = "<group>"; };
		71B3B6B61357ADE6002EDD42 /* wordsleuth.app */ = {isa = PBXFileReference; explicitFileType = wrapper.application; includeInIndex = 0; path = wordsleuth.app; sourceTree = BUILT_PRODUCTS_DIR; };
		71B3B6BA1357ADE6002EDD42 /* UIKit.framework */ = {isa = PBXFileReference; lastKnownFileType = wrapper.framework; name = UIKit.framework; path = System/Library/Frameworks/UIKit.framework; sourceTree = SDKROOT; };
		71B3B6BC1357ADE6002EDD42 /* Foundation.framework */ = {isa = PBXFileReference; lastKnownFileType = wrapper.framework; name = Foundation.framework; path = System/Library/Frameworks/Foundation.framework; sourceTree = SDKROOT; };
		71B3B6BE1357ADE6002EDD42 /* CoreGraphics.framework */ = {isa = PBXFileReference; lastKnownFileType = wrapper.framework; name = CoreGraphics.framework; path = System/Library/Frameworks/CoreGraphics.framework; sourceTree = SDKROOT; };
		71B3B6C21357ADE6002EDD42 /* wordsleuth-Info.plist */ = {isa = PBXFileReference; lastKnownFileType = text.plist.xml; path = "wordsleuth-Info.plist"; sourceTree = "<group>"; };
		71B3B6C41357ADE6002EDD42 /* en */ = {isa = PBXFileReference; lastKnownFileType = text.plist.strings; name = en; path = en.lproj/InfoPlist.strings; sourceTree = "<group>"; };
		71B3B6C61357ADE6002EDD42 /* wordsleuth-Prefix.pch */ = {isa = PBXFileReference; lastKnownFileType = sourcecode.c.h; path = "wordsleuth-Prefix.pch"; sourceTree = "<group>"; };
		71B3B6C71357ADE6002EDD42 /* main.m */ = {isa = PBXFileReference; lastKnownFileType = sourcecode.c.objc; path = main.m; sourceTree = "<group>"; };
		71B3B6C91357ADE6002EDD42 /* wordsleuthAppDelegate.h */ = {isa = PBXFileReference; lastKnownFileType = sourcecode.c.h; path = wordsleuthAppDelegate.h; sourceTree = "<group>"; };
		71B3B6CA1357ADE6002EDD42 /* wordsleuthAppDelegate.m */ = {isa = PBXFileReference; lastKnownFileType = sourcecode.c.objc; path = wordsleuthAppDelegate.m; sourceTree = "<group>"; };
		71B3B6CD1357ADE6002EDD42 /* en */ = {isa = PBXFileReference; lastKnownFileType = file.xib; name = en; path = en.lproj/MainWindow.xib; sourceTree = "<group>"; };
		71B3B6CF1357ADE6002EDD42 /* PlayGameController.h */ = {isa = PBXFileReference; lastKnownFileType = sourcecode.c.h; name = PlayGameController.h; path = wordsleuth/PlayGameController.h; sourceTree = "<group>"; };
		71B3B6D01357ADE6002EDD42 /* PlayGameController.m */ = {isa = PBXFileReference; lastKnownFileType = sourcecode.c.objc; name = PlayGameController.m; path = wordsleuth/PlayGameController.m; sourceTree = "<group>"; };
		71B3B6D21357ADE6002EDD42 /* HighScoresController.h */ = {isa = PBXFileReference; lastKnownFileType = sourcecode.c.h; name = HighScoresController.h; path = wordsleuth/HighScoresController.h; sourceTree = "<group>"; };
		71B3B6D31357ADE6002EDD42 /* HighScoresController.m */ = {isa = PBXFileReference; lastKnownFileType = sourcecode.c.objc; name = HighScoresController.m; path = wordsleuth/HighScoresController.m; sourceTree = "<group>"; };
		71B3B6D61357ADE6002EDD42 /* en */ = {isa = PBXFileReference; lastKnownFileType = file.xib; name = en; path = en.lproj/PlayGame.xib; sourceTree = "<group>"; };
		71B3B6D91357ADE6002EDD42 /* en */ = {isa = PBXFileReference; lastKnownFileType = file.xib; name = en; path = en.lproj/HighScores.xib; sourceTree = "<group>"; };
		71B3B6E01357ADE6002EDD42 /* wordsleuthTests.octest */ = {isa = PBXFileReference; explicitFileType = wrapper.cfbundle; includeInIndex = 0; path = wordsleuthTests.octest; sourceTree = BUILT_PRODUCTS_DIR; };
		71B3B6E81357ADE6002EDD42 /* wordsleuthTests-Info.plist */ = {isa = PBXFileReference; lastKnownFileType = text.plist.xml; path = "wordsleuthTests-Info.plist"; sourceTree = "<group>"; };
		71B3B6EA1357ADE6002EDD42 /* en */ = {isa = PBXFileReference; lastKnownFileType = text.plist.strings; name = en; path = en.lproj/InfoPlist.strings; sourceTree = "<group>"; };
		71B3B6EC1357ADE6002EDD42 /* wordsleuthTests-Prefix.pch */ = {isa = PBXFileReference; lastKnownFileType = sourcecode.c.h; path = "wordsleuthTests-Prefix.pch"; sourceTree = "<group>"; };
		71B3B6ED1357ADE6002EDD42 /* wordsleuthTests.h */ = {isa = PBXFileReference; lastKnownFileType = sourcecode.c.h; path = wordsleuthTests.h; sourceTree = "<group>"; };
		71B3B6EF1357ADE6002EDD42 /* wordsleuthTests.m */ = {isa = PBXFileReference; lastKnownFileType = sourcecode.c.objc; path = wordsleuthTests.m; sourceTree = "<group>"; };
		71B3B6F91357B0E5002EDD42 /* Default.png */ = {isa = PBXFileReference; lastKnownFileType = image.png; name = Default.png; path = ../Default.png; sourceTree = "<group>"; };
		71BA2BE2139D71FC00B6482E /* iRate.h */ = {isa = PBXFileReference; fileEncoding = 4; lastKnownFileType = sourcecode.c.h; path = iRate.h; sourceTree = "<group>"; };
		71BA2BE3139D71FC00B6482E /* iRate.m */ = {isa = PBXFileReference; fileEncoding = 4; lastKnownFileType = sourcecode.c.objc; path = iRate.m; sourceTree = "<group>"; };
		71BA2BE5139D75A000B6482E /* RatingDelegate.h */ = {isa = PBXFileReference; fileEncoding = 4; lastKnownFileType = sourcecode.c.h; path = RatingDelegate.h; sourceTree = "<group>"; };
		71BA2BE6139D75A000B6482E /* RatingDelegate.m */ = {isa = PBXFileReference; fileEncoding = 4; lastKnownFileType = sourcecode.c.objc; path = RatingDelegate.m; sourceTree = "<group>"; };
		71BA2BEE139E790F00B6482E /* facebook.png */ = {isa = PBXFileReference; lastKnownFileType = image.png; path = facebook.png; sourceTree = "<group>"; };
		71BA2BF1139E80A200B6482E /* BragFacebook.h */ = {isa = PBXFileReference; fileEncoding = 4; lastKnownFileType = sourcecode.c.h; path = BragFacebook.h; sourceTree = "<group>"; };
		71BA2BF2139E80A200B6482E /* BragFacebook.m */ = {isa = PBXFileReference; fileEncoding = 4; lastKnownFileType = sourcecode.c.objc; path = BragFacebook.m; sourceTree = "<group>"; };
		71BB57EE138D2EF500DF35F1 /* DebugGestureView.h */ = {isa = PBXFileReference; fileEncoding = 4; lastKnownFileType = sourcecode.c.h; path = DebugGestureView.h; sourceTree = "<group>"; };
		71BB57EF138D2EF500DF35F1 /* DebugGestureView.m */ = {isa = PBXFileReference; fileEncoding = 4; lastKnownFileType = sourcecode.c.objc; path = DebugGestureView.m; sourceTree = "<group>"; };
/* End PBXFileReference section */

/* Begin PBXFrameworksBuildPhase section */
		71B3B6B31357ADE6002EDD42 /* Frameworks */ = {
			isa = PBXFrameworksBuildPhase;
			buildActionMask = 2147483647;
			files = (
				71122172135E15D40067C7DB /* libz.1.2.3.dylib in Frameworks */,
				71B3B6BF1357ADE6002EDD42 /* CoreGraphics.framework in Frameworks */,
				7112216F135E15C70067C7DB /* MobileCoreServices.framework in Frameworks */,
				7112216D135E15BD0067C7DB /* SystemConfiguration.framework in Frameworks */,
				7112216B135E15AF0067C7DB /* CFNetwork.framework in Frameworks */,
				3488ABD9135D164F00BDD9E2 /* QuartzCore.framework in Frameworks */,
				71B3B6BB1357ADE6002EDD42 /* UIKit.framework in Frameworks */,
				71B3B6BD1357ADE6002EDD42 /* Foundation.framework in Frameworks */,
			);
			runOnlyForDeploymentPostprocessing = 0;
		};
		71B3B6DC1357ADE6002EDD42 /* Frameworks */ = {
			isa = PBXFrameworksBuildPhase;
			buildActionMask = 2147483647;
			files = (
				71B3B6E11357ADE6002EDD42 /* UIKit.framework in Frameworks */,
				71B3B6E21357ADE6002EDD42 /* Foundation.framework in Frameworks */,
				71B3B6E31357ADE6002EDD42 /* CoreGraphics.framework in Frameworks */,
			);
			runOnlyForDeploymentPostprocessing = 0;
		};
/* End PBXFrameworksBuildPhase section */

/* Begin PBXGroup section */
		343D9D51137DFEF80017380A /* Launch View */ = {
			isa = PBXGroup;
			children = (
				343D9D57137E004F0017380A /* Launch.h */,
				343D9D58137E004F0017380A /* Launch.m */,
				343D9D59137E004F0017380A /* Launch.xib */,
			);
			name = "Launch View";
			sourceTree = "<group>";
		};
		349BBEC913634F3300E2B497 /* Images */ = {
			isa = PBXGroup;
			children = (
				71B3B6F91357B0E5002EDD42 /* Default.png */,
				343D9DA1137ECC190017380A /* FullBackground.png */,
				343D9DA2137ECC190017380A /* PlayGameBackground.png */,
				343D9DA3137ECC190017380A /* SparkleSoftware.png */,
				343D9D9F137ECB900017380A /* iTunesArtwork.png */,
				343D9D6B137ECA6F0017380A /* Title.png */,
				343D9D6C137ECA6F0017380A /* Title@2x.png */,
				343D9D5F137EC8B30017380A /* Icon-72.png */,
				343D9D60137EC8B30017380A /* Icon-Small-50.png */,
				343D9D61137EC8B30017380A /* Icon-Small.png */,
				343D9D62137EC8B30017380A /* Icon-Small@2x.png */,
				343D9D63137EC8B30017380A /* Icon.png */,
				343D9D64137EC8B30017380A /* Icon@2x.png */,
				343D9D4D137DFE450017380A /* SparkleSoftware@2x.png */,
				34CD2643136794130039237B /* FullBackground@2x.png */,
				349BBED0136353A900E2B497 /* PlayGameBackground@2x.png */,
				349BBECE13634F4A00E2B497 /* Default@2x.png */,
			);
			path = Images;
			sourceTree = "<group>";
		};
		71122117135E146A0067C7DB /* ASI HTTP Request */ = {
			isa = PBXGroup;
			children = (
				71122118135E146A0067C7DB /* ASIAuthenticationDialog.h */,
				71122119135E146A0067C7DB /* ASIAuthenticationDialog.m */,
				7112211A135E146A0067C7DB /* ASICacheDelegate.h */,
				7112211B135E146A0067C7DB /* ASIDataCompressor.h */,
				7112211C135E146A0067C7DB /* ASIDataCompressor.m */,
				7112211D135E146A0067C7DB /* ASIDataDecompressor.h */,
				7112211E135E146A0067C7DB /* ASIDataDecompressor.m */,
				7112211F135E146A0067C7DB /* ASIDownloadCache.h */,
				71122120135E146A0067C7DB /* ASIDownloadCache.m */,
				71122121135E146A0067C7DB /* ASIFormDataRequest.h */,
				71122122135E146A0067C7DB /* ASIFormDataRequest.m */,
				71122123135E146A0067C7DB /* ASIHTTPRequest.h */,
				71122124135E146A0067C7DB /* ASIHTTPRequest.m */,
				71122125135E146A0067C7DB /* ASIHTTPRequestConfig.h */,
				71122126135E146A0067C7DB /* ASIHTTPRequestDelegate.h */,
				71122127135E146A0067C7DB /* ASIInputStream.h */,
				71122128135E146A0067C7DB /* ASIInputStream.m */,
				71122129135E146A0067C7DB /* ASINetworkQueue.h */,
				7112212A135E146A0067C7DB /* ASINetworkQueue.m */,
				7112212B135E146A0067C7DB /* ASIProgressDelegate.h */,
				7112212C135E146A0067C7DB /* ASIWebPageRequest */,
				7112212D135E146A0067C7DB /* CloudFiles */,
				7112212E135E146A0067C7DB /* Reachability.h */,
				7112212F135E146A0067C7DB /* Reachability.m */,
				71122130135E146A0067C7DB /* S3 */,
				71122131135E146A0067C7DB /* Tests */,
			);
			path = "ASI HTTP Request";
			sourceTree = "<group>";
		};
		7112212C135E146A0067C7DB /* ASIWebPageRequest */ = {
			isa = PBXGroup;
			children = (
			);
			path = ASIWebPageRequest;
			sourceTree = "<group>";
		};
		7112212D135E146A0067C7DB /* CloudFiles */ = {
			isa = PBXGroup;
			children = (
			);
			path = CloudFiles;
			sourceTree = "<group>";
		};
		71122130135E146A0067C7DB /* S3 */ = {
			isa = PBXGroup;
			children = (
			);
			path = S3;
			sourceTree = "<group>";
		};
		71122131135E146A0067C7DB /* Tests */ = {
			isa = PBXGroup;
			children = (
			);
			path = Tests;
			sourceTree = "<group>";
		};
		7112213C135E14910067C7DB /* Facebook IOS SDK */ = {
			isa = PBXGroup;
			children = (
				7112213D135E14910067C7DB /* facebook-ios-sdk.xcodeproj */,
				71122140135E14910067C7DB /* Facebook.h */,
				71122141135E14910067C7DB /* Facebook.m */,
				71122142135E14910067C7DB /* facebook_ios_sdk_Prefix.pch */,
				71122143135E14910067C7DB /* FBConnect.h */,
				71122144135E14910067C7DB /* FBDialog.bundle */,
				71122145135E14910067C7DB /* FBDialog.h */,
				71122146135E14910067C7DB /* FBDialog.m */,
				71122147135E14910067C7DB /* FBLoginDialog.h */,
				71122148135E14910067C7DB /* FBLoginDialog.m */,
				71122149135E14910067C7DB /* FBRequest.h */,
				7112214A135E14910067C7DB /* FBRequest.m */,
				7112214B135E14910067C7DB /* JSON */,
			);
			path = "Facebook IOS SDK";
			sourceTree = "<group>";
		};
		7112213E135E14910067C7DB /* Products */ = {
			isa = PBXGroup;
			children = (
				71122169135E14910067C7DB /* libfacebook_ios_sdk.a */,
			);
			name = Products;
			sourceTree = "<group>";
		};
		7112214B135E14910067C7DB /* JSON */ = {
			isa = PBXGroup;
			children = (
				7112214C135E14910067C7DB /* JSON.h */,
				7112214D135E14910067C7DB /* NSObject+SBJSON.h */,
				7112214E135E14910067C7DB /* NSObject+SBJSON.m */,
				7112214F135E14910067C7DB /* NSString+SBJSON.h */,
				71122150135E14910067C7DB /* NSString+SBJSON.m */,
				71122151135E14910067C7DB /* SBJSON.h */,
				71122152135E14910067C7DB /* SBJSON.m */,
				71122153135E14910067C7DB /* SBJsonBase.h */,
				71122154135E14910067C7DB /* SBJsonBase.m */,
				71122155135E14910067C7DB /* SBJsonParser.h */,
				71122156135E14910067C7DB /* SBJsonParser.m */,
				71122157135E14910067C7DB /* SBJsonWriter.h */,
				71122158135E14910067C7DB /* SBJsonWriter.m */,
			);
			path = JSON;
			sourceTree = "<group>";
		};
		7118491E137C918D007EA87E /* MBProgressHUD */ = {
			isa = PBXGroup;
			children = (
				71184921137C91BB007EA87E /* MBProgressHUD.h */,
				71184922137C91BB007EA87E /* MBProgressHUD.m */,
			);
			name = MBProgressHUD;
			sourceTree = "<group>";
		};
		711F8348136729F8000CD08C /* TSAlertview */ = {
			isa = PBXGroup;
			children = (
				711F834913672A14000CD08C /* TSAlertView.h */,
				711F834A13672A14000CD08C /* TSAlertView.m */,
				711F834B13672A14000CD08C /* TSAlertViewBackground.png */,
				711F834C13672A14000CD08C /* TSAlertViewBackground2.png */,
				711F834D13672A14000CD08C /* TSAlertViewButtonBackground_Highlighted.png */,
				711F834E13672A14000CD08C /* TSAlertViewButtonBackground.png */,
				711F834F13672A14000CD08C /* TSAlertViewCancelButtonBackground.png */,
				711F835013672A14000CD08C /* TSAlertViewMessageListViewShadow.png */,
			);
			name = TSAlertview;
			sourceTree = "<group>";
		};
		71B3B6AB1357ADE6002EDD42 = {
			isa = PBXGroup;
			children = (
				71BA2BE9139E789A00B6482E /* 3rd party code */,
				71BA2BE8139E788D00B6482E /* Brags */,
				343D9D51137DFEF80017380A /* Launch View */,
				349BBEC913634F3300E2B497 /* Images */,
				71B3B6FD1357B192002EDD42 /* Game view */,
				71B3B6FE1357B1A2002EDD42 /* High Scores view */,
				71B3B6FF1357B1B0002EDD42 /* UIButton+Gradient */,
				71B3B6C01357ADE6002EDD42 /* wordsleuth */,
				71B3B6C11357ADE6002EDD42 /* Supporting Files */,
				71B3B6E61357ADE6002EDD42 /* wordsleuthTests */,
				71B3B6B91357ADE6002EDD42 /* Frameworks */,
				71B3B6B71357ADE6002EDD42 /* Products */,
			);
			sourceTree = "<group>";
		};
		71B3B6B71357ADE6002EDD42 /* Products */ = {
			isa = PBXGroup;
			children = (
				71B3B6B61357ADE6002EDD42 /* wordsleuth.app */,
				71B3B6E01357ADE6002EDD42 /* wordsleuthTests.octest */,
			);
			name = Products;
			sourceTree = "<group>";
		};
		71B3B6B91357ADE6002EDD42 /* Frameworks */ = {
			isa = PBXGroup;
			children = (
				71122171135E15D40067C7DB /* libz.1.2.3.dylib */,
				71122170135E15D00067C7DB /* CoreGraphics.framework */,
				7112216E135E15C70067C7DB /* MobileCoreServices.framework */,
				7112216C135E15BD0067C7DB /* SystemConfiguration.framework */,
				7112216A135E15AF0067C7DB /* CFNetwork.framework */,
				3488ABD8135D164F00BDD9E2 /* QuartzCore.framework */,
				71B3B6BA1357ADE6002EDD42 /* UIKit.framework */,
				71B3B6BC1357ADE6002EDD42 /* Foundation.framework */,
				71B3B6BE1357ADE6002EDD42 /* CoreGraphics.framework */,
			);
			name = Frameworks;
			sourceTree = "<group>";
		};
		71B3B6C01357ADE6002EDD42 /* wordsleuth */ = {
			isa = PBXGroup;
			children = (
				711F835813674DDF000CD08C /* WordURL.h */,
				711F835913674DDF000CD08C /* WordURL.m */,
				71B3B6C91357ADE6002EDD42 /* wordsleuthAppDelegate.h */,
				71B3B6CA1357ADE6002EDD42 /* wordsleuthAppDelegate.m */,
				71B3B6CC1357ADE6002EDD42 /* MainWindow.xib */,
			);
			path = wordsleuth;
			sourceTree = "<group>";
		};
		71B3B6C11357ADE6002EDD42 /* Supporting Files */ = {
			isa = PBXGroup;
			children = (
				71B3B6C21357ADE6002EDD42 /* wordsleuth-Info.plist */,
				71B3B6C31357ADE6002EDD42 /* InfoPlist.strings */,
				71B3B6C61357ADE6002EDD42 /* wordsleuth-Prefix.pch */,
				71B3B6C71357ADE6002EDD42 /* main.m */,
			);
			name = "Supporting Files";
			path = wordsleuth;
			sourceTree = "<group>";
		};
		71B3B6E61357ADE6002EDD42 /* wordsleuthTests */ = {
			isa = PBXGroup;
			children = (
				71B3B6ED1357ADE6002EDD42 /* wordsleuthTests.h */,
				71B3B6EF1357ADE6002EDD42 /* wordsleuthTests.m */,
				71B3B6E71357ADE6002EDD42 /* Supporting Files */,
				343D9D5C137E9A640017380A /* HighScoresControllerTest.h */,
				343D9D5D137E9A640017380A /* HighScoresControllerTest.m */,
			);
			path = wordsleuthTests;
			sourceTree = "<group>";
		};
		71B3B6E71357ADE6002EDD42 /* Supporting Files */ = {
			isa = PBXGroup;
			children = (
				71B3B6E81357ADE6002EDD42 /* wordsleuthTests-Info.plist */,
				71B3B6E91357ADE6002EDD42 /* InfoPlist.strings */,
				71B3B6EC1357ADE6002EDD42 /* wordsleuthTests-Prefix.pch */,
			);
			name = "Supporting Files";
			sourceTree = "<group>";
		};
		71B3B6FD1357B192002EDD42 /* Game view */ = {
			isa = PBXGroup;
			children = (
				71B3B6D51357ADE6002EDD42 /* PlayGame.xib */,
				71B3B6CF1357ADE6002EDD42 /* PlayGameController.h */,
				71B3B6D01357ADE6002EDD42 /* PlayGameController.m */,
				713BDC85137340BC00A4F5AC /* PostScoreTextFieldDelegate.h */,
				713BDC86137340BC00A4F5AC /* PostScoreTextFieldDelegate.m */,
			);
			name = "Game view";
			sourceTree = "<group>";
		};
		71B3B6FE1357B1A2002EDD42 /* High Scores view */ = {
			isa = PBXGroup;
			children = (
				71B3B6D81357ADE6002EDD42 /* HighScores.xib */,
				71B3B6D21357ADE6002EDD42 /* HighScoresController.h */,
				71B3B6D31357ADE6002EDD42 /* HighScoresController.m */,
				71BB57EE138D2EF500DF35F1 /* DebugGestureView.h */,
				71BB57EF138D2EF500DF35F1 /* DebugGestureView.m */,
			);
			name = "High Scores view";
			sourceTree = "<group>";
		};
		71B3B6FF1357B1B0002EDD42 /* UIButton+Gradient */ = {
			isa = PBXGroup;
			children = (
				34B176691385ED9E002B5925 /* UIButton+Gradient.h */,
				34B1766A1385ED9E002B5925 /* UIButton+Gradient.m */,
			);
			name = "UIButton+Gradient";
			sourceTree = "<group>";
		};
		71BA2BE1139D71D400B6482E /* iRate */ = {
			isa = PBXGroup;
			children = (
				71BA2BE2139D71FC00B6482E /* iRate.h */,
				71BA2BE3139D71FC00B6482E /* iRate.m */,
				71BA2BE5139D75A000B6482E /* RatingDelegate.h */,
				71BA2BE6139D75A000B6482E /* RatingDelegate.m */,
			);
			name = iRate;
			sourceTree = "<group>";
		};
		71BA2BE8139E788D00B6482E /* Brags */ = {
			isa = PBXGroup;
			children = (
				71BA2BF0139E791300B6482E /* Facebook */,
			);
			name = Brags;
			sourceTree = "<group>";
		};
		71BA2BE9139E789A00B6482E /* 3rd party code */ = {
			isa = PBXGroup;
			children = (
				71122117135E146A0067C7DB /* ASI HTTP Request */,
				7112213C135E14910067C7DB /* Facebook IOS SDK */,
				71BA2BE1139D71D400B6482E /* iRate */,
				7118491E137C918D007EA87E /* MBProgressHUD */,
				711F8348136729F8000CD08C /* TSAlertview */,
			);
			name = "3rd party code";
			sourceTree = "<group>";
		};
		71BA2BF0139E791300B6482E /* Facebook */ = {
			isa = PBXGroup;
			children = (
				71BA2BEE139E790F00B6482E /* facebook.png */,
				71BA2BF1139E80A200B6482E /* BragFacebook.h */,
				71BA2BF2139E80A200B6482E /* BragFacebook.m */,
			);
			name = Facebook;
			sourceTree = "<group>";
		};
/* End PBXGroup section */

/* Begin PBXNativeTarget section */
		71B3B6B51357ADE6002EDD42 /* wordsleuth */ = {
			isa = PBXNativeTarget;
			buildConfigurationList = 71B3B6F31357ADE6002EDD42 /* Build configuration list for PBXNativeTarget "wordsleuth" */;
			buildPhases = (
				71B3B6B21357ADE6002EDD42 /* Sources */,
				71B3B6B31357ADE6002EDD42 /* Frameworks */,
				71B3B6B41357ADE6002EDD42 /* Resources */,
			);
			buildRules = (
			);
			dependencies = (
			);
			name = wordsleuth;
			productName = wordsleuth;
			productReference = 71B3B6B61357ADE6002EDD42 /* wordsleuth.app */;
			productType = "com.apple.product-type.application";
		};
		71B3B6DF1357ADE6002EDD42 /* wordsleuthTests */ = {
			isa = PBXNativeTarget;
			buildConfigurationList = 71B3B6F61357ADE6002EDD42 /* Build configuration list for PBXNativeTarget "wordsleuthTests" */;
			buildPhases = (
				71B3B6DB1357ADE6002EDD42 /* Sources */,
				71B3B6DC1357ADE6002EDD42 /* Frameworks */,
				71B3B6DD1357ADE6002EDD42 /* Resources */,
				71B3B6DE1357ADE6002EDD42 /* ShellScript */,
			);
			buildRules = (
			);
			dependencies = (
				71B3B6E51357ADE6002EDD42 /* PBXTargetDependency */,
			);
			name = wordsleuthTests;
			productName = wordsleuthTests;
			productReference = 71B3B6E01357ADE6002EDD42 /* wordsleuthTests.octest */;
			productType = "com.apple.product-type.bundle";
		};
/* End PBXNativeTarget section */

/* Begin PBXProject section */
		71B3B6AD1357ADE6002EDD42 /* Project object */ = {
			isa = PBXProject;
			attributes = {
				ORGANIZATIONNAME = "Sparkle Software";
			};
			buildConfigurationList = 71B3B6B01357ADE6002EDD42 /* Build configuration list for PBXProject "wordsleuth" */;
			compatibilityVersion = "Xcode 3.2";
			developmentRegion = English;
			hasScannedForEncodings = 0;
			knownRegions = (
				en,
			);
			mainGroup = 71B3B6AB1357ADE6002EDD42;
			productRefGroup = 71B3B6B71357ADE6002EDD42 /* Products */;
			projectDirPath = "";
			projectReferences = (
				{
					ProductGroup = 7112213E135E14910067C7DB /* Products */;
					ProjectRef = 7112213D135E14910067C7DB /* facebook-ios-sdk.xcodeproj */;
				},
			);
			projectRoot = "";
			targets = (
				71B3B6B51357ADE6002EDD42 /* wordsleuth */,
				71B3B6DF1357ADE6002EDD42 /* wordsleuthTests */,
			);
		};
/* End PBXProject section */

/* Begin PBXReferenceProxy section */
		71122169135E14910067C7DB /* libfacebook_ios_sdk.a */ = {
			isa = PBXReferenceProxy;
			fileType = archive.ar;
			path = libfacebook_ios_sdk.a;
			remoteRef = 71122168135E14910067C7DB /* PBXContainerItemProxy */;
			sourceTree = BUILT_PRODUCTS_DIR;
		};
/* End PBXReferenceProxy section */

/* Begin PBXResourcesBuildPhase section */
		71B3B6B41357ADE6002EDD42 /* Resources */ = {
			isa = PBXResourcesBuildPhase;
			buildActionMask = 2147483647;
			files = (
				71B3B6C51357ADE6002EDD42 /* InfoPlist.strings in Resources */,
				71B3B6CE1357ADE6002EDD42 /* MainWindow.xib in Resources */,
				71B3B6D71357ADE6002EDD42 /* PlayGame.xib in Resources */,
				71B3B6DA1357ADE6002EDD42 /* HighScores.xib in Resources */,
				71B3B6FA1357B0E5002EDD42 /* Default.png in Resources */,
				7112215D135E14910067C7DB /* FBDialog.bundle in Resources */,
				349BBECF13634F4A00E2B497 /* Default@2x.png in Resources */,
				349BBED1136353A900E2B497 /* PlayGameBackground@2x.png in Resources */,
				711F835213672A14000CD08C /* TSAlertViewBackground.png in Resources */,
				711F835313672A14000CD08C /* TSAlertViewBackground2.png in Resources */,
				711F835413672A14000CD08C /* TSAlertViewButtonBackground_Highlighted.png in Resources */,
				711F835513672A14000CD08C /* TSAlertViewButtonBackground.png in Resources */,
				711F835613672A14000CD08C /* TSAlertViewCancelButtonBackground.png in Resources */,
				711F835713672A14000CD08C /* TSAlertViewMessageListViewShadow.png in Resources */,
				34CD2644136794130039237B /* FullBackground@2x.png in Resources */,
				343D9D4E137DFE450017380A /* SparkleSoftware@2x.png in Resources */,
				343D9D5B137E004F0017380A /* Launch.xib in Resources */,
				343D9D65137EC8B30017380A /* Icon-72.png in Resources */,
				343D9D66137EC8B30017380A /* Icon-Small-50.png in Resources */,
				343D9D67137EC8B30017380A /* Icon-Small.png in Resources */,
				343D9D68137EC8B30017380A /* Icon-Small@2x.png in Resources */,
				343D9D69137EC8B30017380A /* Icon.png in Resources */,
				343D9D6A137EC8B30017380A /* Icon@2x.png in Resources */,
				343D9D6D137ECA6F0017380A /* Title.png in Resources */,
				343D9D6E137ECA6F0017380A /* Title@2x.png in Resources */,
				343D9DA0137ECB900017380A /* iTunesArtwork.png in Resources */,
				343D9DA4137ECC190017380A /* FullBackground.png in Resources */,
				343D9DA5137ECC190017380A /* PlayGameBackground.png in Resources */,
				343D9DA6137ECC190017380A /* SparkleSoftware.png in Resources */,
				71BA2BEF139E790F00B6482E /* facebook.png in Resources */,
			);
			runOnlyForDeploymentPostprocessing = 0;
		};
		71B3B6DD1357ADE6002EDD42 /* Resources */ = {
			isa = PBXResourcesBuildPhase;
			buildActionMask = 2147483647;
			files = (
				71B3B6EB1357ADE6002EDD42 /* InfoPlist.strings in Resources */,
				71B3B6EE1357ADE6002EDD42 /* wordsleuthTests.h in Resources */,
			);
			runOnlyForDeploymentPostprocessing = 0;
		};
/* End PBXResourcesBuildPhase section */

/* Begin PBXShellScriptBuildPhase section */
		71B3B6DE1357ADE6002EDD42 /* ShellScript */ = {
			isa = PBXShellScriptBuildPhase;
			buildActionMask = 2147483647;
			files = (
			);
			inputPaths = (
			);
			outputPaths = (
			);
			runOnlyForDeploymentPostprocessing = 0;
			shellPath = /bin/sh;
			shellScript = "# Run the unit tests in this test bundle.\n\"${SYSTEM_DEVELOPER_DIR}/Tools/RunUnitTests\"\n";
		};
/* End PBXShellScriptBuildPhase section */

/* Begin PBXSourcesBuildPhase section */
		71B3B6B21357ADE6002EDD42 /* Sources */ = {
			isa = PBXSourcesBuildPhase;
			buildActionMask = 2147483647;
			files = (
				71B3B6C81357ADE6002EDD42 /* main.m in Sources */,
				71B3B6CB1357ADE6002EDD42 /* wordsleuthAppDelegate.m in Sources */,
				71B3B6D11357ADE6002EDD42 /* PlayGameController.m in Sources */,
				71B3B6D41357ADE6002EDD42 /* HighScoresController.m in Sources */,
				71122132135E146A0067C7DB /* ASIAuthenticationDialog.m in Sources */,
				71122133135E146A0067C7DB /* ASIDataCompressor.m in Sources */,
				71122134135E146A0067C7DB /* ASIDataDecompressor.m in Sources */,
				71122135135E146A0067C7DB /* ASIDownloadCache.m in Sources */,
				71122136135E146A0067C7DB /* ASIFormDataRequest.m in Sources */,
				71122137135E146A0067C7DB /* ASIHTTPRequest.m in Sources */,
				71122138135E146A0067C7DB /* ASIInputStream.m in Sources */,
				71122139135E146A0067C7DB /* ASINetworkQueue.m in Sources */,
				7112213A135E146A0067C7DB /* Reachability.m in Sources */,
				7112215C135E14910067C7DB /* Facebook.m in Sources */,
				7112215E135E14910067C7DB /* FBDialog.m in Sources */,
				7112215F135E14910067C7DB /* FBLoginDialog.m in Sources */,
				71122160135E14910067C7DB /* FBRequest.m in Sources */,
				71122161135E14910067C7DB /* NSObject+SBJSON.m in Sources */,
				71122162135E14910067C7DB /* NSString+SBJSON.m in Sources */,
				71122163135E14910067C7DB /* SBJSON.m in Sources */,
				71122164135E14910067C7DB /* SBJsonBase.m in Sources */,
				71122165135E14910067C7DB /* SBJsonParser.m in Sources */,
				71122166135E14910067C7DB /* SBJsonWriter.m in Sources */,
				711F835113672A14000CD08C /* TSAlertView.m in Sources */,
				711F835A13674DDF000CD08C /* WordURL.m in Sources */,
				713BDC87137340BC00A4F5AC /* PostScoreTextFieldDelegate.m in Sources */,
				71184923137C91BB007EA87E /* MBProgressHUD.m in Sources */,
				343D9D5A137E004F0017380A /* Launch.m in Sources */,
				34B1766B1385ED9E002B5925 /* UIButton+Gradient.m in Sources */,
				71BB57F0138D2EF500DF35F1 /* DebugGestureView.m in Sources */,
				71BA2BE4139D71FC00B6482E /* iRate.m in Sources */,
				71BA2BE7139D75A000B6482E /* RatingDelegate.m in Sources */,
				71BA2BF3139E80A200B6482E /* BragFacebook.m in Sources */,
			);
			runOnlyForDeploymentPostprocessing = 0;
		};
		71B3B6DB1357ADE6002EDD42 /* Sources */ = {
			isa = PBXSourcesBuildPhase;
			buildActionMask = 2147483647;
			files = (
				71B3B6F01357ADE6002EDD42 /* wordsleuthTests.m in Sources */,
				343D9D5E137E9A640017380A /* HighScoresControllerTest.m in Sources */,
			);
			runOnlyForDeploymentPostprocessing = 0;
		};
/* End PBXSourcesBuildPhase section */

/* Begin PBXTargetDependency section */
		71B3B6E51357ADE6002EDD42 /* PBXTargetDependency */ = {
			isa = PBXTargetDependency;
			target = 71B3B6B51357ADE6002EDD42 /* wordsleuth */;
			targetProxy = 71B3B6E41357ADE6002EDD42 /* PBXContainerItemProxy */;
		};
/* End PBXTargetDependency section */

/* Begin PBXVariantGroup section */
		71B3B6C31357ADE6002EDD42 /* InfoPlist.strings */ = {
			isa = PBXVariantGroup;
			children = (
				71B3B6C41357ADE6002EDD42 /* en */,
			);
			name = InfoPlist.strings;
			sourceTree = "<group>";
		};
		71B3B6CC1357ADE6002EDD42 /* MainWindow.xib */ = {
			isa = PBXVariantGroup;
			children = (
				71B3B6CD1357ADE6002EDD42 /* en */,
			);
			name = MainWindow.xib;
			sourceTree = "<group>";
		};
		71B3B6D51357ADE6002EDD42 /* PlayGame.xib */ = {
			isa = PBXVariantGroup;
			children = (
				71B3B6D61357ADE6002EDD42 /* en */,
			);
			name = PlayGame.xib;
			path = wordsleuth;
			sourceTree = "<group>";
		};
		71B3B6D81357ADE6002EDD42 /* HighScores.xib */ = {
			isa = PBXVariantGroup;
			children = (
				71B3B6D91357ADE6002EDD42 /* en */,
			);
			name = HighScores.xib;
			path = wordsleuth;
			sourceTree = "<group>";
		};
		71B3B6E91357ADE6002EDD42 /* InfoPlist.strings */ = {
			isa = PBXVariantGroup;
			children = (
				71B3B6EA1357ADE6002EDD42 /* en */,
			);
			name = InfoPlist.strings;
			sourceTree = "<group>";
		};
/* End PBXVariantGroup section */

/* Begin XCBuildConfiguration section */
		71B3B6F11357ADE6002EDD42 /* Debug */ = {
			isa = XCBuildConfiguration;
			buildSettings = {
				ARCHS = "$(ARCHS_STANDARD_32_BIT)";
				CODE_SIGN_IDENTITY = "iPhone Developer: Brian Elliott (2JP9G4N39R)";
				"CODE_SIGN_IDENTITY[sdk=iphoneos*]" = "iPhone Developer: Brian Elliott (2JP9G4N39R)";
				GCC_C_LANGUAGE_STANDARD = gnu99;
				GCC_OPTIMIZATION_LEVEL = 0;
				GCC_PREPROCESSOR_DEFINITIONS = DEBUG;
				GCC_SYMBOLS_PRIVATE_EXTERN = NO;
				GCC_VERSION = com.apple.compilers.llvmgcc42;
				GCC_WARN_ABOUT_RETURN_TYPE = YES;
				GCC_WARN_UNUSED_VARIABLE = YES;
				IPHONEOS_DEPLOYMENT_TARGET = 4.3;
				PROVISIONING_PROFILE = "080DA785-35B2-4439-BF5E-14B0EE48B271";
				"PROVISIONING_PROFILE[sdk=iphoneos*]" = "080DA785-35B2-4439-BF5E-14B0EE48B271";
				SDKROOT = iphoneos;
			};
			name = Debug;
		};
		71B3B6F21357ADE6002EDD42 /* Release */ = {
			isa = XCBuildConfiguration;
			buildSettings = {
				ARCHS = "$(ARCHS_STANDARD_32_BIT)";
				CODE_SIGN_IDENTITY = "";
				"CODE_SIGN_IDENTITY[sdk=iphoneos*]" = "iPhone Developer: Brian Elliott (2JP9G4N39R)";
				GCC_C_LANGUAGE_STANDARD = gnu99;
				GCC_VERSION = com.apple.compilers.llvmgcc42;
				GCC_WARN_ABOUT_RETURN_TYPE = YES;
				GCC_WARN_UNUSED_VARIABLE = YES;
				IPHONEOS_DEPLOYMENT_TARGET = 4.3;
				OTHER_CFLAGS = "-DNS_BLOCK_ASSERTIONS=1";
				"PROVISIONING_PROFILE[sdk=iphoneos*]" = "080DA785-35B2-4439-BF5E-14B0EE48B271";
				SDKROOT = iphoneos;
			};
			name = Release;
		};
		71B3B6F41357ADE6002EDD42 /* Debug */ = {
			isa = XCBuildConfiguration;
			buildSettings = {
				ALWAYS_SEARCH_USER_PATHS = NO;
				CODE_SIGN_IDENTITY = "iPhone Developer";
				COPY_PHASE_STRIP = NO;
				GCC_DYNAMIC_NO_PIC = NO;
				GCC_PRECOMPILE_PREFIX_HEADER = YES;
				GCC_PREFIX_HEADER = "wordsleuth/wordsleuth-Prefix.pch";
				HEADER_SEARCH_PATHS = (
					ASI,
					HTTP,
					Request,
				);
				INFOPLIST_FILE = "wordsleuth/wordsleuth-Info.plist";
				IPHONEOS_DEPLOYMENT_TARGET = 3.0;
				PRODUCT_NAME = "$(TARGET_NAME)";
				PROVISIONING_PROFILE = "";
				WRAPPER_EXTENSION = app;
			};
			name = Debug;
		};
		71B3B6F51357ADE6002EDD42 /* Release */ = {
			isa = XCBuildConfiguration;
			buildSettings = {
				ALWAYS_SEARCH_USER_PATHS = NO;
				CODE_SIGN_IDENTITY = "iPhone Developer";
				COPY_PHASE_STRIP = YES;
				GCC_PRECOMPILE_PREFIX_HEADER = YES;
				GCC_PREFIX_HEADER = "wordsleuth/wordsleuth-Prefix.pch";
				HEADER_SEARCH_PATHS = (
					ASI,
					HTTP,
					Request,
				);
				INFOPLIST_FILE = "wordsleuth/wordsleuth-Info.plist";
				IPHONEOS_DEPLOYMENT_TARGET = 3.0;
				PRODUCT_NAME = "$(TARGET_NAME)";
				PROVISIONING_PROFILE = "";
				VALIDATE_PRODUCT = YES;
				WRAPPER_EXTENSION = app;
			};
			name = Release;
		};
		71B3B6F71357ADE6002EDD42 /* Debug */ = {
			isa = XCBuildConfiguration;
			buildSettings = {
				ALWAYS_SEARCH_USER_PATHS = NO;
				BUNDLE_LOADER = "$(BUILT_PRODUCTS_DIR)/wordsleuth.app/wordsleuth";
				FRAMEWORK_SEARCH_PATHS = (
					"$(SDKROOT)/Developer/Library/Frameworks",
					"$(DEVELOPER_LIBRARY_DIR)/Frameworks",
				);
				GCC_PRECOMPILE_PREFIX_HEADER = YES;
				GCC_PREFIX_HEADER = "wordsleuthTests/wordsleuthTests-Prefix.pch";
				INFOPLIST_FILE = "wordsleuthTests/wordsleuthTests-Info.plist";
				OTHER_LDFLAGS = (
					"-framework",
					SenTestingKit,
				);
				PRODUCT_NAME = "$(TARGET_NAME)";
				TEST_HOST = "$(BUNDLE_LOADER)";
				WRAPPER_EXTENSION = octest;
			};
			name = Debug;
		};
		71B3B6F81357ADE6002EDD42 /* Release */ = {
			isa = XCBuildConfiguration;
			buildSettings = {
				ALWAYS_SEARCH_USER_PATHS = NO;
				BUNDLE_LOADER = "$(BUILT_PRODUCTS_DIR)/wordsleuth.app/wordsleuth";
				FRAMEWORK_SEARCH_PATHS = (
					"$(SDKROOT)/Developer/Library/Frameworks",
					"$(DEVELOPER_LIBRARY_DIR)/Frameworks",
				);
				GCC_PRECOMPILE_PREFIX_HEADER = YES;
				GCC_PREFIX_HEADER = "wordsleuthTests/wordsleuthTests-Prefix.pch";
				INFOPLIST_FILE = "wordsleuthTests/wordsleuthTests-Info.plist";
				OTHER_LDFLAGS = (
					"-framework",
					SenTestingKit,
				);
				PRODUCT_NAME = "$(TARGET_NAME)";
				TEST_HOST = "$(BUNDLE_LOADER)";
				WRAPPER_EXTENSION = octest;
			};
			name = Release;
		};
		71BD575913983CD1000E29E4 /* Distribution */ = {
			isa = XCBuildConfiguration;
			buildSettings = {
				ARCHS = "$(ARCHS_STANDARD_32_BIT)";
				CODE_SIGN_IDENTITY = "iPhone Distribution";
				"CODE_SIGN_IDENTITY[sdk=iphoneos*]" = "iPhone Distribution";
				GCC_C_LANGUAGE_STANDARD = gnu99;
				GCC_VERSION = com.apple.compilers.llvmgcc42;
				GCC_WARN_ABOUT_RETURN_TYPE = YES;
				GCC_WARN_UNUSED_VARIABLE = YES;
				IPHONEOS_DEPLOYMENT_TARGET = 4.3;
				OTHER_CFLAGS = "-DNS_BLOCK_ASSERTIONS=1";
				PROVISIONING_PROFILE = "";
				"PROVISIONING_PROFILE[sdk=iphoneos*]" = "";
				SDKROOT = iphoneos;
			};
			name = Distribution;
		};
		71BD575A13983CD1000E29E4 /* Distribution */ = {
			isa = XCBuildConfiguration;
			buildSettings = {
				ALWAYS_SEARCH_USER_PATHS = NO;
				CODE_SIGN_IDENTITY = "iPhone Distribution";
				COPY_PHASE_STRIP = YES;
				GCC_PRECOMPILE_PREFIX_HEADER = YES;
				GCC_PREFIX_HEADER = "wordsleuth/wordsleuth-Prefix.pch";
				HEADER_SEARCH_PATHS = (
					ASI,
					HTTP,
					Request,
				);
				INFOPLIST_FILE = "wordsleuth/wordsleuth-Info.plist";
				IPHONEOS_DEPLOYMENT_TARGET = 3.0;
				PRODUCT_NAME = "$(TARGET_NAME)";
				PROVISIONING_PROFILE = "";
				VALIDATE_PRODUCT = YES;
				WRAPPER_EXTENSION = app;
			};
			name = Distribution;
		};
		71BD575B13983CD1000E29E4 /* Distribution */ = {
			isa = XCBuildConfiguration;
			buildSettings = {
				ALWAYS_SEARCH_USER_PATHS = NO;
				BUNDLE_LOADER = "$(BUILT_PRODUCTS_DIR)/wordsleuth.app/wordsleuth";
				FRAMEWORK_SEARCH_PATHS = (
					"$(SDKROOT)/Developer/Library/Frameworks",
					"$(DEVELOPER_LIBRARY_DIR)/Frameworks",
				);
				GCC_PRECOMPILE_PREFIX_HEADER = YES;
				GCC_PREFIX_HEADER = "wordsleuthTests/wordsleuthTests-Prefix.pch";
				INFOPLIST_FILE = "wordsleuthTests/wordsleuthTests-Info.plist";
				OTHER_LDFLAGS = (
					"-framework",
					SenTestingKit,
				);
				PRODUCT_NAME = "$(TARGET_NAME)";
				TEST_HOST = "$(BUNDLE_LOADER)";
				WRAPPER_EXTENSION = octest;
			};
			name = Distribution;
		};
/* End XCBuildConfiguration section */

/* Begin XCConfigurationList section */
		71B3B6B01357ADE6002EDD42 /* Build configuration list for PBXProject "wordsleuth" */ = {
			isa = XCConfigurationList;
			buildConfigurations = (
				71B3B6F11357ADE6002EDD42 /* Debug */,
				71B3B6F21357ADE6002EDD42 /* Release */,
				71BD575913983CD1000E29E4 /* Distribution */,
			);
			defaultConfigurationIsVisible = 0;
			defaultConfigurationName = Distribution;
		};
		71B3B6F31357ADE6002EDD42 /* Build configuration list for PBXNativeTarget "wordsleuth" */ = {
			isa = XCConfigurationList;
			buildConfigurations = (
				71B3B6F41357ADE6002EDD42 /* Debug */,
				71B3B6F51357ADE6002EDD42 /* Release */,
				71BD575A13983CD1000E29E4 /* Distribution */,
			);
			defaultConfigurationIsVisible = 0;
			defaultConfigurationName = Distribution;
		};
		71B3B6F61357ADE6002EDD42 /* Build configuration list for PBXNativeTarget "wordsleuthTests" */ = {
			isa = XCConfigurationList;
			buildConfigurations = (
				71B3B6F71357ADE6002EDD42 /* Debug */,
				71B3B6F81357ADE6002EDD42 /* Release */,
				71BD575B13983CD1000E29E4 /* Distribution */,
			);
			defaultConfigurationIsVisible = 0;
			defaultConfigurationName = Distribution;
		};
/* End XCConfigurationList section */
	};
	rootObject = 71B3B6AD1357ADE6002EDD42 /* Project object */;
}
